
Microsoft Visual Studio Solution File, Format Version 12.00
# Visual Studio Version 17
VisualStudioVersion = 17.13.35931.197 d17.13
MinimumVisualStudioVersion = 10.0.40219.1
Project("{FAE04EC0-301F-11D3-BF4B-00C04F79EFBC}") = "GeniyIdiotConsoleApp", "GeniyIdiotConsoleApp\GeniyIdiotConsoleApp.csproj", "{713FB7CB-00CF-4CA9-8CCF-C3587F2BF0DF}"
EndProject
Global
	GlobalSection(SolutionConfigurationPlatforms) = preSolution
		Debug|Any CPU = Debug|Any CPU
		Release|Any CPU = Release|Any CPU
	EndGlobalSection
	GlobalSection(ProjectConfigurationPlatforms) = postSolution
		{713FB7CB-00CF-4CA9-8CCF-C3587F2BF0DF}.Debug|Any CPU.ActiveCfg = Debug|Any CPU
		{713FB7CB-00CF-4CA9-8CCF-C3587F2BF0DF}.Debug|Any CPU.Build.0 = Debug|Any CPU
		{713FB7CB-00CF-4CA9-8CCF-C3587F2BF0DF}.Release|Any CPU.ActiveCfg = Release|Any CPU
		{713FB7CB-00CF-4CA9-8CCF-C3587F2BF0DF}.Release|Any CPU.Build.0 = Release|Any CPU
	EndGlobalSection
	GlobalSection(SolutionProperties) = preSolution
		HideSolutionNode = FALSE
	EndGlobalSection
	GlobalSection(ExtensibilityGlobals) = postSolution
		SolutionGuid = {6857F20F-7A90-4DFC-9CCA-054CF186C2C6}
	EndGlobalSection
EndGlobal
